
Microsoft Visual Studio Solution File, Format Version 12.00
# Visual Studio Version 17
VisualStudioVersion = 17.1.32210.238
MinimumVisualStudioVersion = 10.0.40219.1
Project("{FAE04EC0-301F-11D3-BF4B-00C04F79EFBC}") = "SpecFlowProject", "SpecFlowProject\SpecFlowProject.csproj", "{B94F323C-6320-430C-A8DA-D31F8E842528}"
EndProject
Global
	GlobalSection(SolutionConfigurationPlatforms) = preSolution
		Debug|Any CPU = Debug|Any CPU
		Release|Any CPU = Release|Any CPU
	EndGlobalSection
	GlobalSection(ProjectConfigurationPlatforms) = postSolution
		{B94F323C-6320-430C-A8DA-D31F8E842528}.Debug|Any CPU.ActiveCfg = Debug|Any CPU
		{B94F323C-6320-430C-A8DA-D31F8E842528}.Debug|Any CPU.Build.0 = Debug|Any CPU
		{B94F323C-6320-430C-A8DA-D31F8E842528}.Release|Any CPU.ActiveCfg = Release|Any CPU
		{B94F323C-6320-430C-A8DA-D31F8E842528}.Release|Any CPU.Build.0 = Release|Any CPU
	EndGlobalSection
	GlobalSection(SolutionProperties) = preSolution
		HideSolutionNode = FALSE
	EndGlobalSection
	GlobalSection(ExtensibilityGlobals) = postSolution
		SolutionGuid = {B321A31F-8F93-4B23-8BE2-9D272002ED75}
	EndGlobalSection
EndGlobal
