
Microsoft Visual Studio Solution File, Format Version 12.00
# Visual Studio Version 17
VisualStudioVersion = 17.1.32210.238
MinimumVisualStudioVersion = 10.0.40219.1
Project("{9A19103F-16F7-4668-BE54-9A1E7A4F7556}") = "GoogleLoginTest", "SpecFlowProject\GoogleLoginTest.csproj", "{B94F323C-6320-430C-A8DA-D31F8E842528}"
EndProject
Project("{2150E333-8FDC-42A3-9474-1A3956D46DE8}") = "Solution Items", "Solution Items", "{7FFDBD6C-A011-4E48-8661-721B2C7C9FAE}"
	ProjectSection(SolutionItems) = preProject
		.editorconfig = .editorconfig
	EndProjectSection
EndProject
Global
	GlobalSection(SolutionConfigurationPlatforms) = preSolution
		Debug|Any CPU = Debug|Any CPU
		Release|Any CPU = Release|Any CPU
	EndGlobalSection
	GlobalSection(ProjectConfigurationPlatforms) = postSolution
		{B94F323C-6320-430C-A8DA-D31F8E842528}.Debug|Any CPU.ActiveCfg = Debug|Any CPU
		{B94F323C-6320-430C-A8DA-D31F8E842528}.Debug|Any CPU.Build.0 = Debug|Any CPU
		{B94F323C-6320-430C-A8DA-D31F8E842528}.Release|Any CPU.ActiveCfg = Release|Any CPU
		{B94F323C-6320-430C-A8DA-D31F8E842528}.Release|Any CPU.Build.0 = Release|Any CPU
	EndGlobalSection
	GlobalSection(SolutionProperties) = preSolution
		HideSolutionNode = FALSE
	EndGlobalSection
	GlobalSection(ExtensibilityGlobals) = postSolution
		SolutionGuid = {B321A31F-8F93-4B23-8BE2-9D272002ED75}
	EndGlobalSection
EndGlobal
